
Microsoft Visual Studio Solution File, Format Version 11.00
# Visual C++ Express 2010
Project("{8BC9CEB8-8B4A-11D0-8D11-00A0C91BC942}") = "Exam 2 Project", "Exam 2 Project\Exam 2 Project.vcxproj", "{1489A47D-A7E2-4B8F-BEA7-40E82219DC40}"
EndProject
Global
	GlobalSection(SolutionConfigurationPlatforms) = preSolution
		Debug|Win32 = Debug|Win32
		Release|Win32 = Release|Win32
	EndGlobalSection
	GlobalSection(ProjectConfigurationPlatforms) = postSolution
		{1489A47D-A7E2-4B8F-BEA7-40E82219DC40}.Debug|Win32.ActiveCfg = Debug|Win32
		{1489A47D-A7E2-4B8F-BEA7-40E82219DC40}.Debug|Win32.Build.0 = Debug|Win32
		{1489A47D-A7E2-4B8F-BEA7-40E82219DC40}.Release|Win32.ActiveCfg = Release|Win32
		{1489A47D-A7E2-4B8F-BEA7-40E82219DC40}.Release|Win32.Build.0 = Release|Win32
	EndGlobalSection
	GlobalSection(SolutionProperties) = preSolution
		HideSolutionNode = FALSE
	EndGlobalSection
EndGlobal
