
Microsoft Visual Studio Solution File, Format Version 11.00
# Visual C++ Express 2010
Project("{8BC9CEB8-8B4A-11D0-8D11-00A0C91BC942}") = "Program5 Project", "Program5 Project\Program5 Project.vcxproj", "{1C41A2D0-8CFE-46DE-B587-BC4DB3134FF8}"
EndProject
Global
	GlobalSection(SolutionConfigurationPlatforms) = preSolution
		Debug|Win32 = Debug|Win32
		Release|Win32 = Release|Win32
	EndGlobalSection
	GlobalSection(ProjectConfigurationPlatforms) = postSolution
		{1C41A2D0-8CFE-46DE-B587-BC4DB3134FF8}.Debug|Win32.ActiveCfg = Debug|Win32
		{1C41A2D0-8CFE-46DE-B587-BC4DB3134FF8}.Debug|Win32.Build.0 = Debug|Win32
		{1C41A2D0-8CFE-46DE-B587-BC4DB3134FF8}.Release|Win32.ActiveCfg = Release|Win32
		{1C41A2D0-8CFE-46DE-B587-BC4DB3134FF8}.Release|Win32.Build.0 = Release|Win32
	EndGlobalSection
	GlobalSection(SolutionProperties) = preSolution
		HideSolutionNode = FALSE
	EndGlobalSection
EndGlobal
